
Microsoft Visual Studio Solution File, Format Version 12.00
# Visual Studio Version 17
VisualStudioVersion = 17.7.34018.315
MinimumVisualStudioVersion = 10.0.40219.1
Project("{8BC9CEB8-8B4A-11D0-8D11-00A0C91BC942}") = "Lab9", "Lab9\Lab9.vcxproj", "{E44552D9-F3AF-43E2-8CF2-11C5191237FA}"
EndProject
Global
	GlobalSection(SolutionConfigurationPlatforms) = preSolution
		Debug|x64 = Debug|x64
		Debug|x86 = Debug|x86
		Release|x64 = Release|x64
		Release|x86 = Release|x86
	EndGlobalSection
	GlobalSection(ProjectConfigurationPlatforms) = postSolution
		{E44552D9-F3AF-43E2-8CF2-11C5191237FA}.Debug|x64.ActiveCfg = Debug|x64
		{E44552D9-F3AF-43E2-8CF2-11C5191237FA}.Debug|x64.Build.0 = Debug|x64
		{E44552D9-F3AF-43E2-8CF2-11C5191237FA}.Debug|x86.ActiveCfg = Debug|Win32
		{E44552D9-F3AF-43E2-8CF2-11C5191237FA}.Debug|x86.Build.0 = Debug|Win32
		{E44552D9-F3AF-43E2-8CF2-11C5191237FA}.Release|x64.ActiveCfg = Release|x64
		{E44552D9-F3AF-43E2-8CF2-11C5191237FA}.Release|x64.Build.0 = Release|x64
		{E44552D9-F3AF-43E2-8CF2-11C5191237FA}.Release|x86.ActiveCfg = Release|Win32
		{E44552D9-F3AF-43E2-8CF2-11C5191237FA}.Release|x86.Build.0 = Release|Win32
	EndGlobalSection
	GlobalSection(SolutionProperties) = preSolution
		HideSolutionNode = FALSE
	EndGlobalSection
	GlobalSection(ExtensibilityGlobals) = postSolution
		SolutionGuid = {C16D40B0-1E86-4A13-82D8-26EB6FEDB10D}
	EndGlobalSection
EndGlobal
