
Microsoft Visual Studio Solution File, Format Version 12.00
# Visual Studio Version 17
VisualStudioVersion = 17.7.34018.315
MinimumVisualStudioVersion = 10.0.40219.1
Project("{8BC9CEB8-8B4A-11D0-8D11-00A0C91BC942}") = "Lab7_2", "Lab7_2\Lab7_2.vcxproj", "{5980A936-4E2A-4DE1-BA3C-CC13E35369AD}"
EndProject
Global
	GlobalSection(SolutionConfigurationPlatforms) = preSolution
		Debug|x64 = Debug|x64
		Debug|x86 = Debug|x86
		Release|x64 = Release|x64
		Release|x86 = Release|x86
	EndGlobalSection
	GlobalSection(ProjectConfigurationPlatforms) = postSolution
		{5980A936-4E2A-4DE1-BA3C-CC13E35369AD}.Debug|x64.ActiveCfg = Debug|x64
		{5980A936-4E2A-4DE1-BA3C-CC13E35369AD}.Debug|x64.Build.0 = Debug|x64
		{5980A936-4E2A-4DE1-BA3C-CC13E35369AD}.Debug|x86.ActiveCfg = Debug|Win32
		{5980A936-4E2A-4DE1-BA3C-CC13E35369AD}.Debug|x86.Build.0 = Debug|Win32
		{5980A936-4E2A-4DE1-BA3C-CC13E35369AD}.Release|x64.ActiveCfg = Release|x64
		{5980A936-4E2A-4DE1-BA3C-CC13E35369AD}.Release|x64.Build.0 = Release|x64
		{5980A936-4E2A-4DE1-BA3C-CC13E35369AD}.Release|x86.ActiveCfg = Release|Win32
		{5980A936-4E2A-4DE1-BA3C-CC13E35369AD}.Release|x86.Build.0 = Release|Win32
	EndGlobalSection
	GlobalSection(SolutionProperties) = preSolution
		HideSolutionNode = FALSE
	EndGlobalSection
	GlobalSection(ExtensibilityGlobals) = postSolution
		SolutionGuid = {3775EF0B-6EE5-47B4-835A-562A2DEC4A1B}
	EndGlobalSection
EndGlobal
